Microsoft Visual Studio Solution File, Format Version 12.00
# Visual Studio Version 17
VisualStudioVersion = 17.5.2.0
MinimumVisualStudioVersion = 10.0.40219.1
Project("{FAE04EC0-301F-11D3-BF4B-00C04F79EFBC}") = "Gradil", "Gradil.csproj", "{4D673D0D-4248-ACE9-91E2-9EB0A91CBDEA}"
EndProject
Global
	GlobalSection(SolutionConfigurationPlatforms) = preSolution
		Debug|Any CPU = Debug|Any CPU
		Release|Any CPU = Release|Any CPU
	EndGlobalSection
	GlobalSection(ProjectConfigurationPlatforms) = postSolution
		{4D673D0D-4248-ACE9-91E2-9EB0A91CBDEA}.Debug|Any CPU.ActiveCfg = Debug|Any CPU
		{4D673D0D-4248-ACE9-91E2-9EB0A91CBDEA}.Debug|Any CPU.Build.0 = Debug|Any CPU
		{4D673D0D-4248-ACE9-91E2-9EB0A91CBDEA}.Release|Any CPU.ActiveCfg = Release|Any CPU
		{4D673D0D-4248-ACE9-91E2-9EB0A91CBDEA}.Release|Any CPU.Build.0 = Release|Any CPU
	EndGlobalSection
	GlobalSection(SolutionProperties) = preSolution
		HideSolutionNode = FALSE
	EndGlobalSection
	GlobalSection(ExtensibilityGlobals) = postSolution
		SolutionGuid = {A8726E6D-D11C-4F62-88E7-4E844DB4F33F}
	EndGlobalSection
EndGlobal
